
Microsoft Visual Studio Solution File, Format Version 12.00
# Visual Studio Version 17
VisualStudioVersion = 17.13.35818.85
MinimumVisualStudioVersion = 10.0.40219.1
Project("{FAE04EC0-301F-11D3-BF4B-00C04F79EFBC}") = "CatalogAPI", "CatalogAPI\CatalogAPI.csproj", "{52008669-6A94-45A8-BDB8-4F3E4791D434}"
EndProject
Project("{FAE04EC0-301F-11D3-BF4B-00C04F79EFBC}") = "ECommerceGateWay", "ECommerceGateWay\ECommerceGateWay.csproj", "{A435F0FC-7FBA-4214-A3B7-848E4999F359}"
EndProject
Project("{FAE04EC0-301F-11D3-BF4B-00C04F79EFBC}") = "BasketAPI", "BasketAPI\BasketAPI.csproj", "{EE33BA5A-3A6B-4BBE-B590-C12E68888647}"
EndProject
Project("{FAE04EC0-301F-11D3-BF4B-00C04F79EFBC}") = "DiscountGrpc", "DiscountGrpc\DiscountGrpc.csproj", "{01912FC3-2AC0-43F9-96AE-42EFA7095560}"
EndProject
Project("{FAE04EC0-301F-11D3-BF4B-00C04F79EFBC}") = "OrderingAPI", "OrderingAPI\OrderingAPI.csproj", "{EF1DD3A8-DDC2-48E4-BCF9-3320E8B1D346}"
EndProject
Project("{E53339B2-1760-4266-BCC7-CA923CBCF16C}") = "docker-compose", "docker-compose.dcproj", "{81DDED9D-158B-E303-5F62-77A2896D2A5A}"
EndProject
Global
	GlobalSection(SolutionConfigurationPlatforms) = preSolution
		Debug|Any CPU = Debug|Any CPU
		Release|Any CPU = Release|Any CPU
	EndGlobalSection
	GlobalSection(ProjectConfigurationPlatforms) = postSolution
		{52008669-6A94-45A8-BDB8-4F3E4791D434}.Debug|Any CPU.ActiveCfg = Debug|Any CPU
		{52008669-6A94-45A8-BDB8-4F3E4791D434}.Debug|Any CPU.Build.0 = Debug|Any CPU
		{52008669-6A94-45A8-BDB8-4F3E4791D434}.Release|Any CPU.ActiveCfg = Release|Any CPU
		{52008669-6A94-45A8-BDB8-4F3E4791D434}.Release|Any CPU.Build.0 = Release|Any CPU
		{A435F0FC-7FBA-4214-A3B7-848E4999F359}.Debug|Any CPU.ActiveCfg = Debug|Any CPU
		{A435F0FC-7FBA-4214-A3B7-848E4999F359}.Debug|Any CPU.Build.0 = Debug|Any CPU
		{A435F0FC-7FBA-4214-A3B7-848E4999F359}.Release|Any CPU.ActiveCfg = Release|Any CPU
		{A435F0FC-7FBA-4214-A3B7-848E4999F359}.Release|Any CPU.Build.0 = Release|Any CPU
		{EE33BA5A-3A6B-4BBE-B590-C12E68888647}.Debug|Any CPU.ActiveCfg = Debug|Any CPU
		{EE33BA5A-3A6B-4BBE-B590-C12E68888647}.Debug|Any CPU.Build.0 = Debug|Any CPU
		{EE33BA5A-3A6B-4BBE-B590-C12E68888647}.Release|Any CPU.ActiveCfg = Release|Any CPU
		{EE33BA5A-3A6B-4BBE-B590-C12E68888647}.Release|Any CPU.Build.0 = Release|Any CPU
		{01912FC3-2AC0-43F9-96AE-42EFA7095560}.Debug|Any CPU.ActiveCfg = Debug|Any CPU
		{01912FC3-2AC0-43F9-96AE-42EFA7095560}.Debug|Any CPU.Build.0 = Debug|Any CPU
		{01912FC3-2AC0-43F9-96AE-42EFA7095560}.Release|Any CPU.ActiveCfg = Release|Any CPU
		{01912FC3-2AC0-43F9-96AE-42EFA7095560}.Release|Any CPU.Build.0 = Release|Any CPU
		{EF1DD3A8-DDC2-48E4-BCF9-3320E8B1D346}.Debug|Any CPU.ActiveCfg = Debug|Any CPU
		{EF1DD3A8-DDC2-48E4-BCF9-3320E8B1D346}.Debug|Any CPU.Build.0 = Debug|Any CPU
		{EF1DD3A8-DDC2-48E4-BCF9-3320E8B1D346}.Release|Any CPU.ActiveCfg = Release|Any CPU
		{EF1DD3A8-DDC2-48E4-BCF9-3320E8B1D346}.Release|Any CPU.Build.0 = Release|Any CPU
		{81DDED9D-158B-E303-5F62-77A2896D2A5A}.Debug|Any CPU.ActiveCfg = Debug|Any CPU
		{81DDED9D-158B-E303-5F62-77A2896D2A5A}.Debug|Any CPU.Build.0 = Debug|Any CPU
		{81DDED9D-158B-E303-5F62-77A2896D2A5A}.Release|Any CPU.ActiveCfg = Release|Any CPU
		{81DDED9D-158B-E303-5F62-77A2896D2A5A}.Release|Any CPU.Build.0 = Release|Any CPU
	EndGlobalSection
	GlobalSection(SolutionProperties) = preSolution
		HideSolutionNode = FALSE
	EndGlobalSection
	GlobalSection(ExtensibilityGlobals) = postSolution
		SolutionGuid = {B99F9966-EC76-4531-B50D-A8607BC4B794}
	EndGlobalSection
EndGlobal
